// !$*UTF8*$!
{
	archiveVersion = 1;
	classes = {
	};
	objectVersion = 55;
	objects = {

/* Begin PBXBuildFile section */
		A0E4F0AF28BB67BA00379997 /* HongFilterApp.swift in Sources */ = {isa = PBXBuildFile; fileRef = A0E4F0AE28BB67BA00379997 /* HongFilterApp.swift */; };
		A0E4F0B128BB67BA00379997 /* MainView.swift in Sources */ = {isa = PBXBuildFile; fileRef = A0E4F0B028BB67BA00379997 /* MainView.swift */; };
		A0E4F0B328BB67BB00379997 /* Assets.xcassets in Resources */ = {isa = PBXBuildFile; fileRef = A0E4F0B228BB67BB00379997 /* Assets.xcassets */; };
		A0E4F0B628BB67BB00379997 /* Preview Assets.xcassets in Resources */ = {isa = PBXBuildFile; fileRef = A0E4F0B528BB67BB00379997 /* Preview Assets.xcassets */; };
		A0E4F0BE28BB90E300379997 /* ImagePicker.swift in Sources */ = {isa = PBXBuildFile; fileRef = A0E4F0BD28BB90E300379997 /* ImagePicker.swift */; };
		A0E4F0C128BC575200379997 /* HongFilterModel.swift in Sources */ = {isa = PBXBuildFile; fileRef = A0E4F0C028BC575200379997 /* HongFilterModel.swift */; };
		A0E4F0C428BC624600379997 /* HongFilterViewModel.swift in Sources */ = {isa = PBXBuildFile; fileRef = A0E4F0C328BC624600379997 /* HongFilterViewModel.swift */; };
/* End PBXBuildFile section */

/* Begin PBXFileReference section */
		A0E4F0AB28BB67BA00379997 /* HongFilter.app */ = {isa = PBXFileReference; explicitFileType = wrapper.application; includeInIndex = 0; path = HongFilter.app; sourceTree = BUILT_PRODUCTS_DIR; };
		A0E4F0AE28BB67BA00379997 /* HongFilterApp.swift */ = {isa = PBXFileReference; lastKnownFileType = sourcecode.swift; path = HongFilterApp.swift; sourceTree = "<group>"; };
		A0E4F0B028BB67BA00379997 /* MainView.swift */ = {isa = PBXFileReference; lastKnownFileType = sourcecode.swift; path = MainView.swift; sourceTree = "<group>"; };
		A0E4F0B228BB67BB00379997 /* Assets.xcassets */ = {isa = PBXFileReference; lastKnownFileType = folder.assetcatalog; path = Assets.xcassets; sourceTree = "<group>"; };
		A0E4F0B528BB67BB00379997 /* Preview Assets.xcassets */ = {isa = PBXFileReference; lastKnownFileType = folder.assetcatalog; path = "Preview Assets.xcassets"; sourceTree = "<group>"; };
		A0E4F0BD28BB90E300379997 /* ImagePicker.swift */ = {isa = PBXFileReference; lastKnownFileType = sourcecode.swift; path = ImagePicker.swift; sourceTree = "<group>"; };
		A0E4F0C028BC575200379997 /* HongFilterModel.swift */ = {isa = PBXFileReference; lastKnownFileType = sourcecode.swift; path = HongFilterModel.swift; sourceTree = "<group>"; };
		A0E4F0C328BC624600379997 /* HongFilterViewModel.swift */ = {isa = PBXFileReference; lastKnownFileType = sourcecode.swift; path = HongFilterViewModel.swift; sourceTree = "<group>"; };
/* End PBXFileReference section */

/* Begin PBXFrameworksBuildPhase section */
		A0E4F0A828BB67BA00379997 /* Frameworks */ = {
			isa = PBXFrameworksBuildPhase;
			buildActionMask = 2147483647;
			files = (
			);
			runOnlyForDeploymentPostprocessing = 0;
		};
/* End PBXFrameworksBuildPhase section */

/* Begin PBXGroup section */
		A0E4F0A228BB67BA00379997 = {
			isa = PBXGroup;
			children = (
				A0E4F0AD28BB67BA00379997 /* HongFilter */,
				A0E4F0AC28BB67BA00379997 /* Products */,
			);
			sourceTree = "<group>";
		};
		A0E4F0AC28BB67BA00379997 /* Products */ = {
			isa = PBXGroup;
			children = (
				A0E4F0AB28BB67BA00379997 /* HongFilter.app */,
			);
			name = Products;
			sourceTree = "<group>";
		};
		A0E4F0AD28BB67BA00379997 /* HongFilter */ = {
			isa = PBXGroup;
			children = (
				A0E4F0C228BC623000379997 /* ViewModels */,
				A0E4F0BF28BB97FF00379997 /* Models */,
				A0E4F0BC28BB8F1600379997 /* Views */,
				A0E4F0AE28BB67BA00379997 /* HongFilterApp.swift */,
				A0E4F0B228BB67BB00379997 /* Assets.xcassets */,
				A0E4F0B428BB67BB00379997 /* Preview Content */,
			);
			path = HongFilter;
			sourceTree = "<group>";
		};
		A0E4F0B428BB67BB00379997 /* Preview Content */ = {
			isa = PBXGroup;
			children = (
				A0E4F0B528BB67BB00379997 /* Preview Assets.xcassets */,
			);
			path = "Preview Content";
			sourceTree = "<group>";
		};
		A0E4F0BC28BB8F1600379997 /* Views */ = {
			isa = PBXGroup;
			children = (
				A0E4F0B028BB67BA00379997 /* MainView.swift */,
				A0E4F0BD28BB90E300379997 /* ImagePicker.swift */,
			);
			path = Views;
			sourceTree = "<group>";
		};
		A0E4F0BF28BB97FF00379997 /* Models */ = {
			isa = PBXGroup;
			children = (
				A0E4F0C028BC575200379997 /* HongFilterModel.swift */,
			);
			path = Models;
			sourceTree = "<group>";
		};
		A0E4F0C228BC623000379997 /* ViewModels */ = {
			isa = PBXGroup;
			children = (
				A0E4F0C328BC624600379997 /* HongFilterViewModel.swift */,
			);
			path = ViewModels;
			sourceTree = "<group>";
		};
/* End PBXGroup section */

/* Begin PBXNativeTarget section */
		A0E4F0AA28BB67BA00379997 /* HongFilter */ = {
			isa = PBXNativeTarget;
			buildConfigurationList = A0E4F0B928BB67BB00379997 /* Build configuration list for PBXNativeTarget "HongFilter" */;
			buildPhases = (
				A0E4F0A728BB67BA00379997 /* Sources */,
				A0E4F0A828BB67BA00379997 /* Frameworks */,
				A0E4F0A928BB67BA00379997 /* Resources */,
			);
			buildRules = (
			);
			dependencies = (
			);
			name = HongFilter;
			productName = HongFilter;
			productReference = A0E4F0AB28BB67BA00379997 /* HongFilter.app */;
			productType = "com.apple.product-type.application";
		};
/* End PBXNativeTarget section */

/* Begin PBXProject section */
		A0E4F0A328BB67BA00379997 /* Project object */ = {
			isa = PBXProject;
			attributes = {
				BuildIndependentTargetsInParallel = 1;
				LastSwiftUpdateCheck = 1340;
				LastUpgradeCheck = 1340;
				TargetAttributes = {
					A0E4F0AA28BB67BA00379997 = {
						CreatedOnToolsVersion = 13.4.1;
					};
				};
			};
			buildConfigurationList = A0E4F0A628BB67BA00379997 /* Build configuration list for PBXProject "HongFilter" */;
			compatibilityVersion = "Xcode 13.0";
			developmentRegion = en;
			hasScannedForEncodings = 0;
			knownRegions = (
				en,
				Base,
			);
			mainGroup = A0E4F0A228BB67BA00379997;
			productRefGroup = A0E4F0AC28BB67BA00379997 /* Products */;
			projectDirPath = "";
			projectRoot = "";
			targets = (
				A0E4F0AA28BB67BA00379997 /* HongFilter */,
			);
		};
/* End PBXProject section */

/* Begin PBXResourcesBuildPhase section */
		A0E4F0A928BB67BA00379997 /* Resources */ = {
			isa = PBXResourcesBuildPhase;
			buildActionMask = 2147483647;
			files = (
				A0E4F0B628BB67BB00379997 /* Preview Assets.xcassets in Resources */,
				A0E4F0B328BB67BB00379997 /* Assets.xcassets in Resources */,
			);
			runOnlyForDeploymentPostprocessing = 0;
		};
/* End PBXResourcesBuildPhase section */

/* Begin PBXSourcesBuildPhase section */
		A0E4F0A728BB67BA00379997 /* Sources */ = {
			isa = PBXSourcesBuildPhase;
			buildActionMask = 2147483647;
			files = (
				A0E4F0BE28BB90E300379997 /* ImagePicker.swift in Sources */,
				A0E4F0B128BB67BA00379997 /* MainView.swift in Sources */,
				A0E4F0C428BC624600379997 /* HongFilterViewModel.swift in Sources */,
				A0E4F0AF28BB67BA00379997 /* HongFilterApp.swift in Sources */,
				A0E4F0C128BC575200379997 /* HongFilterModel.swift in Sources */,
			);
			runOnlyForDeploymentPostprocessing = 0;
		};
/* End PBXSourcesBuildPhase section */

/* Begin XCBuildConfiguration section */
		A0E4F0B728BB67BB00379997 /* Debug */ = {
			isa = XCBuildConfiguration;
			buildSettings = {
				ALWAYS_SEARCH_USER_PATHS = NO;
				CLANG_ANALYZER_NONNULL = YES;
				CLANG_ANALYZER_NUMBER_OBJECT_CONVERSION = YES_AGGRESSIVE;
				CLANG_CXX_LANGUAGE_STANDARD = "gnu++17";
				CLANG_ENABLE_MODULES = YES;
				CLANG_ENABLE_OBJC_ARC = YES;
				CLANG_ENABLE_OBJC_WEAK = YES;
				CLANG_WARN_BLOCK_CAPTURE_AUTORELEASING = YES;
				CLANG_WARN_BOOL_CONVERSION = YES;
				CLANG_WARN_COMMA = YES;
				CLANG_WARN_CONSTANT_CONVERSION = YES;
				CLANG_WARN_DEPRECATED_OBJC_IMPLEMENTATIONS = YES;
				CLANG_WARN_DIRECT_OBJC_ISA_USAGE = YES_ERROR;
				CLANG_WARN_DOCUMENTATION_COMMENTS = YES;
				CLANG_WARN_EMPTY_BODY = YES;
				CLANG_WARN_ENUM_CONVERSION = YES;
				CLANG_WARN_INFINITE_RECURSION = YES;
				CLANG_WARN_INT_CONVERSION = YES;
				CLANG_WARN_NON_LITERAL_NULL_CONVERSION = YES;
				CLANG_WARN_OBJC_IMPLICIT_RETAIN_SELF = YES;
				CLANG_WARN_OBJC_LITERAL_CONVERSION = YES;
				CLANG_WARN_OBJC_ROOT_CLASS = YES_ERROR;
				CLANG_WARN_QUOTED_INCLUDE_IN_FRAMEWORK_HEADER = YES;
				CLANG_WARN_RANGE_LOOP_ANALYSIS = YES;
				CLANG_WARN_STRICT_PROTOTYPES = YES;
				CLANG_WARN_SUSPICIOUS_MOVE = YES;
				CLANG_WARN_UNGUARDED_AVAILABILITY = YES_AGGRESSIVE;
				CLANG_WARN_UNREACHABLE_CODE = YES;
				CLANG_WARN__DUPLICATE_METHOD_MATCH = YES;
				COPY_PHASE_STRIP = NO;
				DEBUG_INFORMATION_FORMAT = dwarf;
				ENABLE_STRICT_OBJC_MSGSEND = YES;
				ENABLE_TESTABILITY = YES;
				GCC_C_LANGUAGE_STANDARD = gnu11;
				GCC_DYNAMIC_NO_PIC = NO;
				GCC_NO_COMMON_BLOCKS = YES;
				GCC_OPTIMIZATION_LEVEL = 0;
				GCC_PREPROCESSOR_DEFINITIONS = (
					"DEBUG=1",
					"$(inherited)",
				);
				GCC_WARN_64_TO_32_BIT_CONVERSION = YES;
				GCC_WARN_ABOUT_RETURN_TYPE = YES_ERROR;
				GCC_WARN_UNDECLARED_SELECTOR = YES;
				GCC_WARN_UNINITIALIZED_AUTOS = YES_AGGRESSIVE;
				GCC_WARN_UNUSED_FUNCTION = YES;
				GCC_WARN_UNUSED_VARIABLE = YES;
				IPHONEOS_DEPLOYMENT_TARGET = 15.5;
				MTL_ENABLE_DEBUG_INFO = INCLUDE_SOURCE;
				MTL_FAST_MATH = YES;
				ONLY_ACTIVE_ARCH = YES;
				SDKROOT = iphoneos;
				SWIFT_ACTIVE_COMPILATION_CONDITIONS = DEBUG;
				SWIFT_OPTIMIZATION_LEVEL = "-Onone";
			};
			name = Debug;
		};
		A0E4F0B828BB67BB00379997 /* Release */ = {
			isa = XCBuildConfiguration;
			buildSettings = {
				ALWAYS_SEARCH_USER_PATHS = NO;
				CLANG_ANALYZER_NONNULL = YES;
				CLANG_ANALYZER_NUMBER_OBJECT_CONVERSION = YES_AGGRESSIVE;
				CLANG_CXX_LANGUAGE_STANDARD = "gnu++17";
				CLANG_ENABLE_MODULES = YES;
				CLANG_ENABLE_OBJC_ARC = YES;
				CLANG_ENABLE_OBJC_WEAK = YES;
				CLANG_WARN_BLOCK_CAPTURE_AUTORELEASING = YES;
				CLANG_WARN_BOOL_CONVERSION = YES;
				CLANG_WARN_COMMA = YES;
				CLANG_WARN_CONSTANT_CONVERSION = YES;
				CLANG_WARN_DEPRECATED_OBJC_IMPLEMENTATIONS = YES;
				CLANG_WARN_DIRECT_OBJC_ISA_USAGE = YES_ERROR;
				CLANG_WARN_DOCUMENTATION_COMMENTS = YES;
				CLANG_WARN_EMPTY_BODY = YES;
				CLANG_WARN_ENUM_CONVERSION = YES;
				CLANG_WARN_INFINITE_RECURSION = YES;
				CLANG_WARN_INT_CONVERSION = YES;
				CLANG_WARN_NON_LITERAL_NULL_CONVERSION = YES;
				CLANG_WARN_OBJC_IMPLICIT_RETAIN_SELF = YES;
				CLANG_WARN_OBJC_LITERAL_CONVERSION = YES;
				CLANG_WARN_OBJC_ROOT_CLASS = YES_ERROR;
				CLANG_WARN_QUOTED_INCLUDE_IN_FRAMEWORK_HEADER = YES;
				CLANG_WARN_RANGE_LOOP_ANALYSIS = YES;
				CLANG_WARN_STRICT_PROTOTYPES = YES;
				CLANG_WARN_SUSPICIOUS_MOVE = YES;
				CLANG_WARN_UNGUARDED_AVAILABILITY = YES_AGGRESSIVE;
				CLANG_WARN_UNREACHABLE_CODE = YES;
				CLANG_WARN__DUPLICATE_METHOD_MATCH = YES;
				COPY_PHASE_STRIP = NO;
				DEBUG_INFORMATION_FORMAT = "dwarf-with-dsym";
				ENABLE_NS_ASSERTIONS = NO;
				ENABLE_STRICT_OBJC_MSGSEND = YES;
				GCC_C_LANGUAGE_STANDARD = gnu11;
				GCC_NO_COMMON_BLOCKS = YES;
				GCC_WARN_64_TO_32_BIT_CONVERSION = YES;
				GCC_WARN_ABOUT_RETURN_TYPE = YES_ERROR;
				GCC_WARN_UNDECLARED_SELECTOR = YES;
				GCC_WARN_UNINITIALIZED_AUTOS = YES_AGGRESSIVE;
				GCC_WARN_UNUSED_FUNCTION = YES;
				GCC_WARN_UNUSED_VARIABLE = YES;
				IPHONEOS_DEPLOYMENT_TARGET = 15.5;
				MTL_ENABLE_DEBUG_INFO = NO;
				MTL_FAST_MATH = YES;
				SDKROOT = iphoneos;
				SWIFT_COMPILATION_MODE = wholemodule;
				SWIFT_OPTIMIZATION_LEVEL = "-O";
				VALIDATE_PRODUCT = YES;
			};
			name = Release;
		};
		A0E4F0BA28BB67BB00379997 /* Debug */ = {
			isa = XCBuildConfiguration;
			buildSettings = {
				ASSETCATALOG_COMPILER_APPICON_NAME = AppIcon;
				ASSETCATALOG_COMPILER_GLOBAL_ACCENT_COLOR_NAME = AccentColor;
				CODE_SIGN_STYLE = Automatic;
				CURRENT_PROJECT_VERSION = 1;
				DEVELOPMENT_ASSET_PATHS = "\"HongFilter/Preview Content\"";
				DEVELOPMENT_TEAM = 8PCQ932FR3;
				ENABLE_PREVIEWS = YES;
				GENERATE_INFOPLIST_FILE = YES;
				INFOPLIST_KEY_UIApplicationSceneManifest_Generation = YES;
				INFOPLIST_KEY_UIApplicationSupportsIndirectInputEvents = YES;
				INFOPLIST_KEY_UILaunchScreen_Generation = YES;
				INFOPLIST_KEY_UISupportedInterfaceOrientations_iPad = "UIInterfaceOrientationPortrait UIInterfaceOrientationPortraitUpsideDown UIInterfaceOrientationLandscapeLeft UIInterfaceOrientationLandscapeRight";
				INFOPLIST_KEY_UISupportedInterfaceOrientations_iPhone = "UIInterfaceOrientationPortrait UIInterfaceOrientationLandscapeLeft UIInterfaceOrientationLandscapeRight";
				LD_RUNPATH_SEARCH_PATHS = (
					"$(inherited)",
					"@executable_path/Frameworks",
				);
				MARKETING_VERSION = 1.0;
				PRODUCT_BUNDLE_IDENTIFIER = com.hongki.HongFilter;
				PRODUCT_NAME = "$(TARGET_NAME)";
				SWIFT_EMIT_LOC_STRINGS = YES;
				SWIFT_VERSION = 5.0;
				TARGETED_DEVICE_FAMILY = "1,2";
			};
			name = Debug;
		};
		A0E4F0BB28BB67BB00379997 /* Release */ = {
			isa = XCBuildConfiguration;
			buildSettings = {
				ASSETCATALOG_COMPILER_APPICON_NAME = AppIcon;
				ASSETCATALOG_COMPILER_GLOBAL_ACCENT_COLOR_NAME = AccentColor;
				CODE_SIGN_STYLE = Automatic;
				CURRENT_PROJECT_VERSION = 1;
				DEVELOPMENT_ASSET_PATHS = "\"HongFilter/Preview Content\"";
				DEVELOPMENT_TEAM = 8PCQ932FR3;
				ENABLE_PREVIEWS = YES;
				GENERATE_INFOPLIST_FILE = YES;
				INFOPLIST_KEY_UIApplicationSceneManifest_Generation = YES;
				INFOPLIST_KEY_UIApplicationSupportsIndirectInputEvents = YES;
				INFOPLIST_KEY_UILaunchScreen_Generation = YES;
				INFOPLIST_KEY_UISupportedInterfaceOrientations_iPad = "UIInterfaceOrientationPortrait UIInterfaceOrientationPortraitUpsideDown UIInterfaceOrientationLandscapeLeft UIInterfaceOrientationLandscapeRight";
				INFOPLIST_KEY_UISupportedInterfaceOrientations_iPhone = "UIInterfaceOrientationPortrait UIInterfaceOrientationLandscapeLeft UIInterfaceOrientationLandscapeRight";
				LD_RUNPATH_SEARCH_PATHS = (
					"$(inherited)",
					"@executable_path/Frameworks",
				);
				MARKETING_VERSION = 1.0;
				PRODUCT_BUNDLE_IDENTIFIER = com.hongki.HongFilter;
				PRODUCT_NAME = "$(TARGET_NAME)";
				SWIFT_EMIT_LOC_STRINGS = YES;
				SWIFT_VERSION = 5.0;
				TARGETED_DEVICE_FAMILY = "1,2";
			};
			name = Release;
		};
/* End XCBuildConfiguration section */

/* Begin XCConfigurationList section */
		A0E4F0A628BB67BA00379997 /* Build configuration list for PBXProject "HongFilter" */ = {
			isa = XCConfigurationList;
			buildConfigurations = (
				A0E4F0B728BB67BB00379997 /* Debug */,
				A0E4F0B828BB67BB00379997 /* Release */,
			);
			defaultConfigurationIsVisible = 0;
			defaultConfigurationName = Release;
		};
		A0E4F0B928BB67BB00379997 /* Build configuration list for PBXNativeTarget "HongFilter" */ = {
			isa = XCConfigurationList;
			buildConfigurations = (
				A0E4F0BA28BB67BB00379997 /* Debug */,
				A0E4F0BB28BB67BB00379997 /* Release */,
			);
			defaultConfigurationIsVisible = 0;
			defaultConfigurationName = Release;
		};
/* End XCConfigurationList section */
	};
	rootObject = A0E4F0A328BB67BA00379997 /* Project object */;
}
